
Microsoft Visual Studio Solution File, Format Version 12.00
# Visual Studio 14
VisualStudioVersion = 14.0.25420.1
MinimumVisualStudioVersion = 10.0.40219.1
Project("{FAE04EC0-301F-11D3-BF4B-00C04F79EFBC}") = "WebApiBookStore.Domain", "WebApiBookStore.Domain\WebApiBookStore.Domain.csproj", "{FFD216F8-5463-4107-B4DF-C67DA0CAF193}"
EndProject
Project("{FAE04EC0-301F-11D3-BF4B-00C04F79EFBC}") = "WebApiBookStore.Data", "WebApiBookStore.Data\WebApiBookStore.Data.csproj", "{002A1801-1115-43A8-9693-6678606B7606}"
EndProject
Global
	GlobalSection(SolutionConfigurationPlatforms) = preSolution
		Debug|Any CPU = Debug|Any CPU
		Release|Any CPU = Release|Any CPU
	EndGlobalSection
	GlobalSection(ProjectConfigurationPlatforms) = postSolution
		{FFD216F8-5463-4107-B4DF-C67DA0CAF193}.Debug|Any CPU.ActiveCfg = Debug|Any CPU
		{FFD216F8-5463-4107-B4DF-C67DA0CAF193}.Debug|Any CPU.Build.0 = Debug|Any CPU
		{FFD216F8-5463-4107-B4DF-C67DA0CAF193}.Release|Any CPU.ActiveCfg = Release|Any CPU
		{FFD216F8-5463-4107-B4DF-C67DA0CAF193}.Release|Any CPU.Build.0 = Release|Any CPU
		{002A1801-1115-43A8-9693-6678606B7606}.Debug|Any CPU.ActiveCfg = Debug|Any CPU
		{002A1801-1115-43A8-9693-6678606B7606}.Debug|Any CPU.Build.0 = Debug|Any CPU
		{002A1801-1115-43A8-9693-6678606B7606}.Release|Any CPU.ActiveCfg = Release|Any CPU
		{002A1801-1115-43A8-9693-6678606B7606}.Release|Any CPU.Build.0 = Release|Any CPU
	EndGlobalSection
	GlobalSection(SolutionProperties) = preSolution
		HideSolutionNode = FALSE
	EndGlobalSection
EndGlobal
